
Microsoft Visual Studio Solution File, Format Version 12.00
# Visual Studio Version 16
VisualStudioVersion = 16.0.808.3
MinimumVisualStudioVersion = 10.0.40219.1
Project("{FAE04EC0-301F-11D3-BF4B-00C04F79EFBC}") = "FileInputOutput", "FileInputOutput\FileInputOutput.csproj", "{674C0E26-47D2-4520-99AD-A6E648BF9884}"
EndProject
Global
	GlobalSection(SolutionConfigurationPlatforms) = preSolution
		Debug|Any CPU = Debug|Any CPU
		Release|Any CPU = Release|Any CPU
	EndGlobalSection
	GlobalSection(ProjectConfigurationPlatforms) = postSolution
		{674C0E26-47D2-4520-99AD-A6E648BF9884}.Debug|Any CPU.ActiveCfg = Debug|Any CPU
		{674C0E26-47D2-4520-99AD-A6E648BF9884}.Debug|Any CPU.Build.0 = Debug|Any CPU
		{674C0E26-47D2-4520-99AD-A6E648BF9884}.Release|Any CPU.ActiveCfg = Release|Any CPU
		{674C0E26-47D2-4520-99AD-A6E648BF9884}.Release|Any CPU.Build.0 = Release|Any CPU
	EndGlobalSection
	GlobalSection(SolutionProperties) = preSolution
		HideSolutionNode = FALSE
	EndGlobalSection
	GlobalSection(ExtensibilityGlobals) = postSolution
		SolutionGuid = {D6C1FDD9-9285-4BF3-B609-A8ACBD3AC87D}
	EndGlobalSection
EndGlobal
